
Microsoft Visual Studio Solution File, Format Version 12.00
# Visual Studio Version 17
VisualStudioVersion = 17.2.32630.192
MinimumVisualStudioVersion = 10.0.40219.1
Project("{9A19103F-16F7-4668-BE54-9A1E7A4F7556}") = "CardPicklerBot", "DiscordBotPractice\CardPicklerBot.csproj", "{F512AE86-3A08-408C-8B79-5300651CBC7F}"
EndProject
Project("{FAE04EC0-301F-11D3-BF4B-00C04F79EFBC}") = "PicklingBot", "..\PicklingBot\PicklingBot\PicklingBot.csproj", "{50700474-FDC1-465C-ACF0-DC3343AFC740}"
EndProject
Global
	GlobalSection(SolutionConfigurationPlatforms) = preSolution
		Debug|Any CPU = Debug|Any CPU
		Release|Any CPU = Release|Any CPU
	EndGlobalSection
	GlobalSection(ProjectConfigurationPlatforms) = postSolution
		{F512AE86-3A08-408C-8B79-5300651CBC7F}.Debug|Any CPU.ActiveCfg = Debug|Any CPU
		{F512AE86-3A08-408C-8B79-5300651CBC7F}.Debug|Any CPU.Build.0 = Debug|Any CPU
		{F512AE86-3A08-408C-8B79-5300651CBC7F}.Release|Any CPU.ActiveCfg = Release|Any CPU
		{F512AE86-3A08-408C-8B79-5300651CBC7F}.Release|Any CPU.Build.0 = Release|Any CPU
		{50700474-FDC1-465C-ACF0-DC3343AFC740}.Debug|Any CPU.ActiveCfg = Debug|Any CPU
		{50700474-FDC1-465C-ACF0-DC3343AFC740}.Debug|Any CPU.Build.0 = Debug|Any CPU
		{50700474-FDC1-465C-ACF0-DC3343AFC740}.Release|Any CPU.ActiveCfg = Release|Any CPU
		{50700474-FDC1-465C-ACF0-DC3343AFC740}.Release|Any CPU.Build.0 = Release|Any CPU
	EndGlobalSection
	GlobalSection(SolutionProperties) = preSolution
		HideSolutionNode = FALSE
	EndGlobalSection
	GlobalSection(ExtensibilityGlobals) = postSolution
		SolutionGuid = {ACC5828F-3061-40A6-9550-E3AACA87A39E}
	EndGlobalSection
EndGlobal
